{
  "version": 4,
  "terraform_version": "1.2.7",
  "serial": 1,
  "lineage": "978daeb5-6f62-fcea-b26a-e925f60298ae",
  "outputs": {},
  "resources": [
    {
      "mode": "managed",
      "type": "local_file",
      "name": "vikas",
      "provider": "provider[\"registry.terraform.io/hashicorp/local\"]",
      "instances": [
        {
          "schema_version": 0,
          "attributes": {
            "content": "vikas kumar",
            "content_base64": null,
            "directory_permission": "0777",
            "file_permission": "0777",
            "filename": "C:/Users/vikkadmin/Desktop/t_output/vikas.txt",
            "id": "81bd7993ef2bb71b7e19e5efbe77e5669f2a6aca",
            "sensitive_content": null,
            "source": null
          },
          "sensitive_attributes": [],
          "private": "bnVsbA=="
        }
      ]
    }
  ]
}
